# This file is automatically @generated by Cargo.
# It is not intended for manual editing.
version = 3

[[package]]
name = "roos"
version = "0.1.0"
dependencies = [
 "roos-core",
]

[[package]]
name = "roos-cli"
version = "0.1.0"
dependencies = [
 "roos-core",
]

[[package]]
name = "roos-core"
version = "0.1.0"

[[package]]
name = "roos-macros"
version = "0.1.0"

[[package]]
name = "roos-memory"
version = "0.1.0"
dependencies = [
 "roos-core",
]

[[package]]
name = "roos-observability"
version = "0.1.0"
dependencies = [
 "roos-core",
]

[[package]]
name = "roos-orchestrator"
version = "0.1.0"
dependencies = [
 "roos-core",
]

[[package]]
name = "roos-providers"
version = "0.1.0"
dependencies = [
 "roos-core",
]

[[package]]
name = "roos-scheduler"
version = "0.1.0"
dependencies = [
 "roos-core",
]

[[package]]
name = "roos-tools"
version = "0.1.0"
dependencies = [
 "roos-core",
]

[[package]]
name = "roos-trigger"
version = "0.1.0"
dependencies = [
 "roos-core",
]
